
Microsoft Visual Studio Solution File, Format Version 12.00
# Visual Studio Version 17
VisualStudioVersion = 17.10.35013.160
MinimumVisualStudioVersion = 10.0.40219.1
Project("{FAE04EC0-301F-11D3-BF4B-00C04F79EFBC}") = "EscapeButton", "EscapeButton\EscapeButton.csproj", "{C91CD3A8-EB9F-4ED5-9821-8F58C4BAA65B}"
EndProject
Global
	GlobalSection(SolutionConfigurationPlatforms) = preSolution
		Debug|Any CPU = Debug|Any CPU
		Release|Any CPU = Release|Any CPU
	EndGlobalSection
	GlobalSection(ProjectConfigurationPlatforms) = postSolution
		{C91CD3A8-EB9F-4ED5-9821-8F58C4BAA65B}.Debug|Any CPU.ActiveCfg = Debug|Any CPU
		{C91CD3A8-EB9F-4ED5-9821-8F58C4BAA65B}.Debug|Any CPU.Build.0 = Debug|Any CPU
		{C91CD3A8-EB9F-4ED5-9821-8F58C4BAA65B}.Release|Any CPU.ActiveCfg = Release|Any CPU
		{C91CD3A8-EB9F-4ED5-9821-8F58C4BAA65B}.Release|Any CPU.Build.0 = Release|Any CPU
	EndGlobalSection
	GlobalSection(SolutionProperties) = preSolution
		HideSolutionNode = FALSE
	EndGlobalSection
	GlobalSection(ExtensibilityGlobals) = postSolution
		SolutionGuid = {7EFEAA0D-9077-4105-88B3-1AEDE823FE45}
	EndGlobalSection
EndGlobal
